
Microsoft Visual Studio Solution File, Format Version 12.00
# Visual Studio 15
VisualStudioVersion = 15.0.26730.3
MinimumVisualStudioVersion = 10.0.40219.1
Project("{8BC9CEB8-8B4A-11D0-8D11-00A0C91BC942}") = "neovm_cpp", "neovm_cpp\neovm_cpp.vcxproj", "{AF5C2AC9-C226-4D17-8C4D-AA5FC3F59FBF}"
EndProject
Project("{8BC9CEB8-8B4A-11D0-8D11-00A0C91BC942}") = "neovm_test", "neovm_test\neovm_test.vcxproj", "{7EBCB673-0043-4CEC-9586-380BD5E3730F}"
EndProject
Global
	GlobalSection(SolutionConfigurationPlatforms) = preSolution
		Debug|Win32 = Debug|Win32
		Debug|x64 = Debug|x64
		Release|Win32 = Release|Win32
		Release|x64 = Release|x64
	EndGlobalSection
	GlobalSection(ProjectConfigurationPlatforms) = postSolution
		{AF5C2AC9-C226-4D17-8C4D-AA5FC3F59FBF}.Debug|Win32.ActiveCfg = Debug|Win32
		{AF5C2AC9-C226-4D17-8C4D-AA5FC3F59FBF}.Debug|Win32.Build.0 = Debug|Win32
		{AF5C2AC9-C226-4D17-8C4D-AA5FC3F59FBF}.Debug|x64.ActiveCfg = Debug|Win32
		{AF5C2AC9-C226-4D17-8C4D-AA5FC3F59FBF}.Release|Win32.ActiveCfg = Release|Win32
		{AF5C2AC9-C226-4D17-8C4D-AA5FC3F59FBF}.Release|Win32.Build.0 = Release|Win32
		{AF5C2AC9-C226-4D17-8C4D-AA5FC3F59FBF}.Release|x64.ActiveCfg = Release|Win32
		{7EBCB673-0043-4CEC-9586-380BD5E3730F}.Debug|Win32.ActiveCfg = Debug|Win32
		{7EBCB673-0043-4CEC-9586-380BD5E3730F}.Debug|Win32.Build.0 = Debug|Win32
		{7EBCB673-0043-4CEC-9586-380BD5E3730F}.Debug|x64.ActiveCfg = Debug|x64
		{7EBCB673-0043-4CEC-9586-380BD5E3730F}.Debug|x64.Build.0 = Debug|x64
		{7EBCB673-0043-4CEC-9586-380BD5E3730F}.Release|Win32.ActiveCfg = Release|Win32
		{7EBCB673-0043-4CEC-9586-380BD5E3730F}.Release|Win32.Build.0 = Release|Win32
		{7EBCB673-0043-4CEC-9586-380BD5E3730F}.Release|x64.ActiveCfg = Release|x64
		{7EBCB673-0043-4CEC-9586-380BD5E3730F}.Release|x64.Build.0 = Release|x64
	EndGlobalSection
	GlobalSection(SolutionProperties) = preSolution
		HideSolutionNode = FALSE
	EndGlobalSection
	GlobalSection(ExtensibilityGlobals) = postSolution
		SolutionGuid = {8A41BE29-91B1-4D8C-8D92-53BE5C2BFE0C}
	EndGlobalSection
EndGlobal
